
Microsoft Visual Studio Solution File, Format Version 12.00
# Visual Studio 2012
Project("{8BC9CEB8-8B4A-11D0-8D11-00A0C91BC942}") = "CV_ImageClassification", "CV_ImageClassification\CV_ImageClassification.vcxproj", "{78F17A4A-5E9D-480C-9CA7-25D578EB4E0A}"
EndProject
Global
	GlobalSection(SolutionConfigurationPlatforms) = preSolution
		Debug|Win32 = Debug|Win32
		Release|Win32 = Release|Win32
	EndGlobalSection
	GlobalSection(ProjectConfigurationPlatforms) = postSolution
		{78F17A4A-5E9D-480C-9CA7-25D578EB4E0A}.Debug|Win32.ActiveCfg = Debug|Win32
		{78F17A4A-5E9D-480C-9CA7-25D578EB4E0A}.Debug|Win32.Build.0 = Debug|Win32
		{78F17A4A-5E9D-480C-9CA7-25D578EB4E0A}.Release|Win32.ActiveCfg = Release|Win32
		{78F17A4A-5E9D-480C-9CA7-25D578EB4E0A}.Release|Win32.Build.0 = Release|Win32
	EndGlobalSection
	GlobalSection(SolutionProperties) = preSolution
		HideSolutionNode = FALSE
	EndGlobalSection
EndGlobal
